// !$*UTF8*$!
{
	archiveVersion = 1;
	classes = {
	};
	objectVersion = 50;
	objects = {

/* Begin PBXBuildFile section */
		F9B1FA312124B8A4000F847D /* AppDelegate.swift in Sources */ = {isa = PBXBuildFile; fileRef = F9B1FA302124B8A4000F847D /* AppDelegate.swift */; };
		F9B1FA332124B8A4000F847D /* MainViewController.swift in Sources */ = {isa = PBXBuildFile; fileRef = F9B1FA322124B8A4000F847D /* MainViewController.swift */; };
		F9B1FA362124B8A4000F847D /* Main.storyboard in Resources */ = {isa = PBXBuildFile; fileRef = F9B1FA342124B8A4000F847D /* Main.storyboard */; };
		F9B1FA382124B8A7000F847D /* Assets.xcassets in Resources */ = {isa = PBXBuildFile; fileRef = F9B1FA372124B8A7000F847D /* Assets.xcassets */; };
		F9B1FA3B2124B8A7000F847D /* LaunchScreen.storyboard in Resources */ = {isa = PBXBuildFile; fileRef = F9B1FA392124B8A7000F847D /* LaunchScreen.storyboard */; };
		F9B1FA452124BB4D000F847D /* CurrencyTextField.swift in Sources */ = {isa = PBXBuildFile; fileRef = F9B1FA442124BB4D000F847D /* CurrencyTextField.swift */; };
		F9B1FA4D2124D7D9000F847D /* Window_ShopperTests.swift in Sources */ = {isa = PBXBuildFile; fileRef = F9B1FA4C2124D7D9000F847D /* Window_ShopperTests.swift */; };
		F9B1FA562124D89A000F847D /* Wage.swift in Sources */ = {isa = PBXBuildFile; fileRef = F9B1FA552124D89A000F847D /* Wage.swift */; };
		F9B1FA572124DA26000F847D /* Wage.swift in Sources */ = {isa = PBXBuildFile; fileRef = F9B1FA552124D89A000F847D /* Wage.swift */; };
/* End PBXBuildFile section */

/* Begin PBXContainerItemProxy section */
		F9B1FA4F2124D7D9000F847D /* PBXContainerItemProxy */ = {
			isa = PBXContainerItemProxy;
			containerPortal = F9B1FA252124B8A4000F847D /* Project object */;
			proxyType = 1;
			remoteGlobalIDString = F9B1FA2C2124B8A4000F847D;
			remoteInfo = "Window Shopper";
		};
/* End PBXContainerItemProxy section */

/* Begin PBXFileReference section */
		F9B1FA2D2124B8A4000F847D /* Window Shopper.app */ = {isa = PBXFileReference; explicitFileType = wrapper.application; includeInIndex = 0; path = "Window Shopper.app"; sourceTree = BUILT_PRODUCTS_DIR; };
		F9B1FA302124B8A4000F847D /* AppDelegate.swift */ = {isa = PBXFileReference; lastKnownFileType = sourcecode.swift; path = AppDelegate.swift; sourceTree = "<group>"; };
		F9B1FA322124B8A4000F847D /* MainViewController.swift */ = {isa = PBXFileReference; lastKnownFileType = sourcecode.swift; path = MainViewController.swift; sourceTree = "<group>"; };
		F9B1FA352124B8A4000F847D /* Base */ = {isa = PBXFileReference; lastKnownFileType = file.storyboard; name = Base; path = Base.lproj/Main.storyboard; sourceTree = "<group>"; };
		F9B1FA372124B8A7000F847D /* Assets.xcassets */ = {isa = PBXFileReference; lastKnownFileType = folder.assetcatalog; path = Assets.xcassets; sourceTree = "<group>"; };
		F9B1FA3A2124B8A7000F847D /* Base */ = {isa = PBXFileReference; lastKnownFileType = file.storyboard; name = Base; path = Base.lproj/LaunchScreen.storyboard; sourceTree = "<group>"; };
		F9B1FA3C2124B8A7000F847D /* Info.plist */ = {isa = PBXFileReference; lastKnownFileType = text.plist.xml; path = Info.plist; sourceTree = "<group>"; };
		F9B1FA442124BB4D000F847D /* CurrencyTextField.swift */ = {isa = PBXFileReference; lastKnownFileType = sourcecode.swift; path = CurrencyTextField.swift; sourceTree = "<group>"; };
		F9B1FA4A2124D7D9000F847D /* Window ShopperTests.xctest */ = {isa = PBXFileReference; explicitFileType = wrapper.cfbundle; includeInIndex = 0; path = "Window ShopperTests.xctest"; sourceTree = BUILT_PRODUCTS_DIR; };
		F9B1FA4C2124D7D9000F847D /* Window_ShopperTests.swift */ = {isa = PBXFileReference; lastKnownFileType = sourcecode.swift; path = Window_ShopperTests.swift; sourceTree = "<group>"; };
		F9B1FA4E2124D7D9000F847D /* Info.plist */ = {isa = PBXFileReference; lastKnownFileType = text.plist.xml; path = Info.plist; sourceTree = "<group>"; };
		F9B1FA552124D89A000F847D /* Wage.swift */ = {isa = PBXFileReference; lastKnownFileType = sourcecode.swift; path = Wage.swift; sourceTree = "<group>"; };
/* End PBXFileReference section */

/* Begin PBXFrameworksBuildPhase section */
		F9B1FA2A2124B8A4000F847D /* Frameworks */ = {
			isa = PBXFrameworksBuildPhase;
			buildActionMask = 2147483647;
			files = (
			);
			runOnlyForDeploymentPostprocessing = 0;
		};
		F9B1FA472124D7D9000F847D /* Frameworks */ = {
			isa = PBXFrameworksBuildPhase;
			buildActionMask = 2147483647;
			files = (
			);
			runOnlyForDeploymentPostprocessing = 0;
		};
/* End PBXFrameworksBuildPhase section */

/* Begin PBXGroup section */
		F9B1FA242124B8A4000F847D = {
			isa = PBXGroup;
			children = (
				F9B1FA2F2124B8A4000F847D /* Window Shopper */,
				F9B1FA4B2124D7D9000F847D /* Window ShopperTests */,
				F9B1FA2E2124B8A4000F847D /* Products */,
			);
			sourceTree = "<group>";
		};
		F9B1FA2E2124B8A4000F847D /* Products */ = {
			isa = PBXGroup;
			children = (
				F9B1FA2D2124B8A4000F847D /* Window Shopper.app */,
				F9B1FA4A2124D7D9000F847D /* Window ShopperTests.xctest */,
			);
			name = Products;
			sourceTree = "<group>";
		};
		F9B1FA2F2124B8A4000F847D /* Window Shopper */ = {
			isa = PBXGroup;
			children = (
				F9B1FA542124D87F000F847D /* Model */,
				F9B1FA432124BB17000F847D /* Views */,
				F9B1FA422124B9BF000F847D /* Controller */,
				F9B1FA302124B8A4000F847D /* AppDelegate.swift */,
				F9B1FA342124B8A4000F847D /* Main.storyboard */,
				F9B1FA372124B8A7000F847D /* Assets.xcassets */,
				F9B1FA392124B8A7000F847D /* LaunchScreen.storyboard */,
				F9B1FA3C2124B8A7000F847D /* Info.plist */,
			);
			path = "Window Shopper";
			sourceTree = "<group>";
		};
		F9B1FA422124B9BF000F847D /* Controller */ = {
			isa = PBXGroup;
			children = (
				F9B1FA322124B8A4000F847D /* MainViewController.swift */,
			);
			path = Controller;
			sourceTree = "<group>";
		};
		F9B1FA432124BB17000F847D /* Views */ = {
			isa = PBXGroup;
			children = (
				F9B1FA442124BB4D000F847D /* CurrencyTextField.swift */,
			);
			path = Views;
			sourceTree = "<group>";
		};
		F9B1FA4B2124D7D9000F847D /* Window ShopperTests */ = {
			isa = PBXGroup;
			children = (
				F9B1FA4C2124D7D9000F847D /* Window_ShopperTests.swift */,
				F9B1FA4E2124D7D9000F847D /* Info.plist */,
			);
			path = "Window ShopperTests";
			sourceTree = "<group>";
		};
		F9B1FA542124D87F000F847D /* Model */ = {
			isa = PBXGroup;
			children = (
				F9B1FA552124D89A000F847D /* Wage.swift */,
			);
			path = Model;
			sourceTree = "<group>";
		};
/* End PBXGroup section */

/* Begin PBXNativeTarget section */
		F9B1FA2C2124B8A4000F847D /* Window Shopper */ = {
			isa = PBXNativeTarget;
			buildConfigurationList = F9B1FA3F2124B8A7000F847D /* Build configuration list for PBXNativeTarget "Window Shopper" */;
			buildPhases = (
				F9B1FA292124B8A4000F847D /* Sources */,
				F9B1FA2A2124B8A4000F847D /* Frameworks */,
				F9B1FA2B2124B8A4000F847D /* Resources */,
			);
			buildRules = (
			);
			dependencies = (
			);
			name = "Window Shopper";
			productName = "Window Shopper";
			productReference = F9B1FA2D2124B8A4000F847D /* Window Shopper.app */;
			productType = "com.apple.product-type.application";
		};
		F9B1FA492124D7D9000F847D /* Window ShopperTests */ = {
			isa = PBXNativeTarget;
			buildConfigurationList = F9B1FA532124D7D9000F847D /* Build configuration list for PBXNativeTarget "Window ShopperTests" */;
			buildPhases = (
				F9B1FA462124D7D9000F847D /* Sources */,
				F9B1FA472124D7D9000F847D /* Frameworks */,
				F9B1FA482124D7D9000F847D /* Resources */,
			);
			buildRules = (
			);
			dependencies = (
				F9B1FA502124D7D9000F847D /* PBXTargetDependency */,
			);
			name = "Window ShopperTests";
			productName = "Window ShopperTests";
			productReference = F9B1FA4A2124D7D9000F847D /* Window ShopperTests.xctest */;
			productType = "com.apple.product-type.bundle.unit-test";
		};
/* End PBXNativeTarget section */

/* Begin PBXProject section */
		F9B1FA252124B8A4000F847D /* Project object */ = {
			isa = PBXProject;
			attributes = {
				LastSwiftUpdateCheck = 0940;
				LastUpgradeCheck = 0940;
				ORGANIZATIONNAME = DokeR;
				TargetAttributes = {
					F9B1FA2C2124B8A4000F847D = {
						CreatedOnToolsVersion = 9.4.1;
					};
					F9B1FA492124D7D9000F847D = {
						CreatedOnToolsVersion = 9.4.1;
						TestTargetID = F9B1FA2C2124B8A4000F847D;
					};
				};
			};
			buildConfigurationList = F9B1FA282124B8A4000F847D /* Build configuration list for PBXProject "Window Shopper" */;
			compatibilityVersion = "Xcode 9.3";
			developmentRegion = en;
			hasScannedForEncodings = 0;
			knownRegions = (
				en,
				Base,
			);
			mainGroup = F9B1FA242124B8A4000F847D;
			productRefGroup = F9B1FA2E2124B8A4000F847D /* Products */;
			projectDirPath = "";
			projectRoot = "";
			targets = (
				F9B1FA2C2124B8A4000F847D /* Window Shopper */,
				F9B1FA492124D7D9000F847D /* Window ShopperTests */,
			);
		};
/* End PBXProject section */

/* Begin PBXResourcesBuildPhase section */
		F9B1FA2B2124B8A4000F847D /* Resources */ = {
			isa = PBXResourcesBuildPhase;
			buildActionMask = 2147483647;
			files = (
				F9B1FA3B2124B8A7000F847D /* LaunchScreen.storyboard in Resources */,
				F9B1FA382124B8A7000F847D /* Assets.xcassets in Resources */,
				F9B1FA362124B8A4000F847D /* Main.storyboard in Resources */,
			);
			runOnlyForDeploymentPostprocessing = 0;
		};
		F9B1FA482124D7D9000F847D /* Resources */ = {
			isa = PBXResourcesBuildPhase;
			buildActionMask = 2147483647;
			files = (
			);
			runOnlyForDeploymentPostprocessing = 0;
		};
/* End PBXResourcesBuildPhase section */

/* Begin PBXSourcesBuildPhase section */
		F9B1FA292124B8A4000F847D /* Sources */ = {
			isa = PBXSourcesBuildPhase;
			buildActionMask = 2147483647;
			files = (
				F9B1FA452124BB4D000F847D /* CurrencyTextField.swift in Sources */,
				F9B1FA562124D89A000F847D /* Wage.swift in Sources */,
				F9B1FA332124B8A4000F847D /* MainViewController.swift in Sources */,
				F9B1FA312124B8A4000F847D /* AppDelegate.swift in Sources */,
			);
			runOnlyForDeploymentPostprocessing = 0;
		};
		F9B1FA462124D7D9000F847D /* Sources */ = {
			isa = PBXSourcesBuildPhase;
			buildActionMask = 2147483647;
			files = (
				F9B1FA4D2124D7D9000F847D /* Window_ShopperTests.swift in Sources */,
				F9B1FA572124DA26000F847D /* Wage.swift in Sources */,
			);
			runOnlyForDeploymentPostprocessing = 0;
		};
/* End PBXSourcesBuildPhase section */

/* Begin PBXTargetDependency section */
		F9B1FA502124D7D9000F847D /* PBXTargetDependency */ = {
			isa = PBXTargetDependency;
			target = F9B1FA2C2124B8A4000F847D /* Window Shopper */;
			targetProxy = F9B1FA4F2124D7D9000F847D /* PBXContainerItemProxy */;
		};
/* End PBXTargetDependency section */

/* Begin PBXVariantGroup section */
		F9B1FA342124B8A4000F847D /* Main.storyboard */ = {
			isa = PBXVariantGroup;
			children = (
				F9B1FA352124B8A4000F847D /* Base */,
			);
			name = Main.storyboard;
			sourceTree = "<group>";
		};
		F9B1FA392124B8A7000F847D /* LaunchScreen.storyboard */ = {
			isa = PBXVariantGroup;
			children = (
				F9B1FA3A2124B8A7000F847D /* Base */,
			);
			name = LaunchScreen.storyboard;
			sourceTree = "<group>";
		};
/* End PBXVariantGroup section */

/* Begin XCBuildConfiguration section */
		F9B1FA3D2124B8A7000F847D /* Debug */ = {
			isa = XCBuildConfiguration;
			buildSettings = {
				ALWAYS_SEARCH_USER_PATHS = NO;
				CLANG_ANALYZER_NONNULL = YES;
				CLANG_ANALYZER_NUMBER_OBJECT_CONVERSION = YES_AGGRESSIVE;
				CLANG_CXX_LANGUAGE_STANDARD = "gnu++14";
				CLANG_CXX_LIBRARY = "libc++";
				CLANG_ENABLE_MODULES = YES;
				CLANG_ENABLE_OBJC_ARC = YES;
				CLANG_ENABLE_OBJC_WEAK = YES;
				CLANG_WARN_BLOCK_CAPTURE_AUTORELEASING = YES;
				CLANG_WARN_BOOL_CONVERSION = YES;
				CLANG_WARN_COMMA = YES;
				CLANG_WARN_CONSTANT_CONVERSION = YES;
				CLANG_WARN_DEPRECATED_OBJC_IMPLEMENTATIONS = YES;
				CLANG_WARN_DIRECT_OBJC_ISA_USAGE = YES_ERROR;
				CLANG_WARN_DOCUMENTATION_COMMENTS = YES;
				CLANG_WARN_EMPTY_BODY = YES;
				CLANG_WARN_ENUM_CONVERSION = YES;
				CLANG_WARN_INFINITE_RECURSION = YES;
				CLANG_WARN_INT_CONVERSION = YES;
				CLANG_WARN_NON_LITERAL_NULL_CONVERSION = YES;
				CLANG_WARN_OBJC_IMPLICIT_RETAIN_SELF = YES;
				CLANG_WARN_OBJC_LITERAL_CONVERSION = YES;
				CLANG_WARN_OBJC_ROOT_CLASS = YES_ERROR;
				CLANG_WARN_RANGE_LOOP_ANALYSIS = YES;
				CLANG_WARN_STRICT_PROTOTYPES = YES;
				CLANG_WARN_SUSPICIOUS_MOVE = YES;
				CLANG_WARN_UNGUARDED_AVAILABILITY = YES_AGGRESSIVE;
				CLANG_WARN_UNREACHABLE_CODE = YES;
				CLANG_WARN__DUPLICATE_METHOD_MATCH = YES;
				CODE_SIGN_IDENTITY = "iPhone Developer";
				COPY_PHASE_STRIP = NO;
				DEBUG_INFORMATION_FORMAT = dwarf;
				ENABLE_STRICT_OBJC_MSGSEND = YES;
				ENABLE_TESTABILITY = YES;
				GCC_C_LANGUAGE_STANDARD = gnu11;
				GCC_DYNAMIC_NO_PIC = NO;
				GCC_NO_COMMON_BLOCKS = YES;
				GCC_OPTIMIZATION_LEVEL = 0;
				GCC_PREPROCESSOR_DEFINITIONS = (
					"DEBUG=1",
					"$(inherited)",
				);
				GCC_WARN_64_TO_32_BIT_CONVERSION = YES;
				GCC_WARN_ABOUT_RETURN_TYPE = YES_ERROR;
				GCC_WARN_UNDECLARED_SELECTOR = YES;
				GCC_WARN_UNINITIALIZED_AUTOS = YES_AGGRESSIVE;
				GCC_WARN_UNUSED_FUNCTION = YES;
				GCC_WARN_UNUSED_VARIABLE = YES;
				IPHONEOS_DEPLOYMENT_TARGET = 11.4;
				MTL_ENABLE_DEBUG_INFO = YES;
				ONLY_ACTIVE_ARCH = YES;
				SDKROOT = iphoneos;
				SWIFT_ACTIVE_COMPILATION_CONDITIONS = DEBUG;
				SWIFT_OPTIMIZATION_LEVEL = "-Onone";
			};
			name = Debug;
		};
		F9B1FA3E2124B8A7000F847D /* Release */ = {
			isa = XCBuildConfiguration;
			buildSettings = {
				ALWAYS_SEARCH_USER_PATHS = NO;
				CLANG_ANALYZER_NONNULL = YES;
				CLANG_ANALYZER_NUMBER_OBJECT_CONVERSION = YES_AGGRESSIVE;
				CLANG_CXX_LANGUAGE_STANDARD = "gnu++14";
				CLANG_CXX_LIBRARY = "libc++";
				CLANG_ENABLE_MODULES = YES;
				CLANG_ENABLE_OBJC_ARC = YES;
				CLANG_ENABLE_OBJC_WEAK = YES;
				CLANG_WARN_BLOCK_CAPTURE_AUTORELEASING = YES;
				CLANG_WARN_BOOL_CONVERSION = YES;
				CLANG_WARN_COMMA = YES;
				CLANG_WARN_CONSTANT_CONVERSION = YES;
				CLANG_WARN_DEPRECATED_OBJC_IMPLEMENTATIONS = YES;
				CLANG_WARN_DIRECT_OBJC_ISA_USAGE = YES_ERROR;
				CLANG_WARN_DOCUMENTATION_COMMENTS = YES;
				CLANG_WARN_EMPTY_BODY = YES;
				CLANG_WARN_ENUM_CONVERSION = YES;
				CLANG_WARN_INFINITE_RECURSION = YES;
				CLANG_WARN_INT_CONVERSION = YES;
				CLANG_WARN_NON_LITERAL_NULL_CONVERSION = YES;
				CLANG_WARN_OBJC_IMPLICIT_RETAIN_SELF = YES;
				CLANG_WARN_OBJC_LITERAL_CONVERSION = YES;
				CLANG_WARN_OBJC_ROOT_CLASS = YES_ERROR;
				CLANG_WARN_RANGE_LOOP_ANALYSIS = YES;
				CLANG_WARN_STRICT_PROTOTYPES = YES;
				CLANG_WARN_SUSPICIOUS_MOVE = YES;
				CLANG_WARN_UNGUARDED_AVAILABILITY = YES_AGGRESSIVE;
				CLANG_WARN_UNREACHABLE_CODE = YES;
				CLANG_WARN__DUPLICATE_METHOD_MATCH = YES;
				CODE_SIGN_IDENTITY = "iPhone Developer";
				COPY_PHASE_STRIP = NO;
				DEBUG_INFORMATION_FORMAT = "dwarf-with-dsym";
				ENABLE_NS_ASSERTIONS = NO;
				ENABLE_STRICT_OBJC_MSGSEND = YES;
				GCC_C_LANGUAGE_STANDARD = gnu11;
				GCC_NO_COMMON_BLOCKS = YES;
				GCC_WARN_64_TO_32_BIT_CONVERSION = YES;
				GCC_WARN_ABOUT_RETURN_TYPE = YES_ERROR;
				GCC_WARN_UNDECLARED_SELECTOR = YES;
				GCC_WARN_UNINITIALIZED_AUTOS = YES_AGGRESSIVE;
				GCC_WARN_UNUSED_FUNCTION = YES;
				GCC_WARN_UNUSED_VARIABLE = YES;
				IPHONEOS_DEPLOYMENT_TARGET = 11.4;
				MTL_ENABLE_DEBUG_INFO = NO;
				SDKROOT = iphoneos;
				SWIFT_COMPILATION_MODE = wholemodule;
				SWIFT_OPTIMIZATION_LEVEL = "-O";
				VALIDATE_PRODUCT = YES;
			};
			name = Release;
		};
		F9B1FA402124B8A7000F847D /* Debug */ = {
			isa = XCBuildConfiguration;
			buildSettings = {
				ASSETCATALOG_COMPILER_APPICON_NAME = AppIcon;
				CODE_SIGN_STYLE = Automatic;
				DEVELOPMENT_TEAM = 8FW33983MC;
				INFOPLIST_FILE = "Window Shopper/Info.plist";
				LD_RUNPATH_SEARCH_PATHS = (
					"$(inherited)",
					"@executable_path/Frameworks",
				);
				PRODUCT_BUNDLE_IDENTIFIER = "com.doker.Window-Shopper";
				PRODUCT_NAME = "$(TARGET_NAME)";
				SWIFT_VERSION = 4.0;
				TARGETED_DEVICE_FAMILY = "1,2";
			};
			name = Debug;
		};
		F9B1FA412124B8A7000F847D /* Release */ = {
			isa = XCBuildConfiguration;
			buildSettings = {
				ASSETCATALOG_COMPILER_APPICON_NAME = AppIcon;
				CODE_SIGN_STYLE = Automatic;
				DEVELOPMENT_TEAM = 8FW33983MC;
				INFOPLIST_FILE = "Window Shopper/Info.plist";
				LD_RUNPATH_SEARCH_PATHS = (
					"$(inherited)",
					"@executable_path/Frameworks",
				);
				PRODUCT_BUNDLE_IDENTIFIER = "com.doker.Window-Shopper";
				PRODUCT_NAME = "$(TARGET_NAME)";
				SWIFT_VERSION = 4.0;
				TARGETED_DEVICE_FAMILY = "1,2";
			};
			name = Release;
		};
		F9B1FA512124D7D9000F847D /* Debug */ = {
			isa = XCBuildConfiguration;
			buildSettings = {
				BUNDLE_LOADER = "$(TEST_HOST)";
				CODE_SIGN_STYLE = Automatic;
				DEVELOPMENT_TEAM = 8FW33983MC;
				INFOPLIST_FILE = "Window ShopperTests/Info.plist";
				LD_RUNPATH_SEARCH_PATHS = (
					"$(inherited)",
					"@executable_path/Frameworks",
					"@loader_path/Frameworks",
				);
				PRODUCT_BUNDLE_IDENTIFIER = "com.doker.Window-ShopperTests";
				PRODUCT_NAME = "$(TARGET_NAME)";
				SWIFT_VERSION = 4.0;
				TARGETED_DEVICE_FAMILY = "1,2";
				TEST_HOST = "$(BUILT_PRODUCTS_DIR)/Window Shopper.app/Window Shopper";
			};
			name = Debug;
		};
		F9B1FA522124D7D9000F847D /* Release */ = {
			isa = XCBuildConfiguration;
			buildSettings = {
				BUNDLE_LOADER = "$(TEST_HOST)";
				CODE_SIGN_STYLE = Automatic;
				DEVELOPMENT_TEAM = 8FW33983MC;
				INFOPLIST_FILE = "Window ShopperTests/Info.plist";
				LD_RUNPATH_SEARCH_PATHS = (
					"$(inherited)",
					"@executable_path/Frameworks",
					"@loader_path/Frameworks",
				);
				PRODUCT_BUNDLE_IDENTIFIER = "com.doker.Window-ShopperTests";
				PRODUCT_NAME = "$(TARGET_NAME)";
				SWIFT_VERSION = 4.0;
				TARGETED_DEVICE_FAMILY = "1,2";
				TEST_HOST = "$(BUILT_PRODUCTS_DIR)/Window Shopper.app/Window Shopper";
			};
			name = Release;
		};
/* End XCBuildConfiguration section */

/* Begin XCConfigurationList section */
		F9B1FA282124B8A4000F847D /* Build configuration list for PBXProject "Window Shopper" */ = {
			isa = XCConfigurationList;
			buildConfigurations = (
				F9B1FA3D2124B8A7000F847D /* Debug */,
				F9B1FA3E2124B8A7000F847D /* Release */,
			);
			defaultConfigurationIsVisible = 0;
			defaultConfigurationName = Release;
		};
		F9B1FA3F2124B8A7000F847D /* Build configuration list for PBXNativeTarget "Window Shopper" */ = {
			isa = XCConfigurationList;
			buildConfigurations = (
				F9B1FA402124B8A7000F847D /* Debug */,
				F9B1FA412124B8A7000F847D /* Release */,
			);
			defaultConfigurationIsVisible = 0;
			defaultConfigurationName = Release;
		};
		F9B1FA532124D7D9000F847D /* Build configuration list for PBXNativeTarget "Window ShopperTests" */ = {
			isa = XCConfigurationList;
			buildConfigurations = (
				F9B1FA512124D7D9000F847D /* Debug */,
				F9B1FA522124D7D9000F847D /* Release */,
			);
			defaultConfigurationIsVisible = 0;
			defaultConfigurationName = Release;
		};
/* End XCConfigurationList section */
	};
	rootObject = F9B1FA252124B8A4000F847D /* Project object */;
}
